// !$*UTF8*$!
{
	archiveVersion = 1;
	classes = {
	};
	objectVersion = 55;
	objects = {

/* Begin PBXBuildFile section */
		662921D9278A48C300573C4B /* AppDelegate.swift in Sources */ = {isa = PBXBuildFile; fileRef = 662921D8278A48C300573C4B /* AppDelegate.swift */; };
		662921DB278A48C300573C4B /* SceneDelegate.swift in Sources */ = {isa = PBXBuildFile; fileRef = 662921DA278A48C300573C4B /* SceneDelegate.swift */; };
		662921DD278A48C300573C4B /* ViewController.swift in Sources */ = {isa = PBXBuildFile; fileRef = 662921DC278A48C300573C4B /* ViewController.swift */; };
		662921E0278A48C300573C4B /* Main.storyboard in Resources */ = {isa = PBXBuildFile; fileRef = 662921DE278A48C300573C4B /* Main.storyboard */; };
		662921E2278A48C500573C4B /* Assets.xcassets in Resources */ = {isa = PBXBuildFile; fileRef = 662921E1278A48C500573C4B /* Assets.xcassets */; };
		662921E5278A48C500573C4B /* LaunchScreen.storyboard in Resources */ = {isa = PBXBuildFile; fileRef = 662921E3278A48C500573C4B /* LaunchScreen.storyboard */; };
		662921F0278A48C500573C4B /* CodePathPreWorkTests.swift in Sources */ = {isa = PBXBuildFile; fileRef = 662921EF278A48C500573C4B /* CodePathPreWorkTests.swift */; };
		662921FA278A48C500573C4B /* CodePathPreWorkUITests.swift in Sources */ = {isa = PBXBuildFile; fileRef = 662921F9278A48C500573C4B /* CodePathPreWorkUITests.swift */; };
		662921FC278A48C500573C4B /* CodePathPreWorkUITestsLaunchTests.swift in Sources */ = {isa = PBXBuildFile; fileRef = 662921FB278A48C500573C4B /* CodePathPreWorkUITestsLaunchTests.swift */; };
/* End PBXBuildFile section */

/* Begin PBXContainerItemProxy section */
		662921EC278A48C500573C4B /* PBXContainerItemProxy */ = {
			isa = PBXContainerItemProxy;
			containerPortal = 662921CD278A48C200573C4B /* Project object */;
			proxyType = 1;
			remoteGlobalIDString = 662921D4278A48C300573C4B;
			remoteInfo = CodePathPreWork;
		};
		662921F6278A48C500573C4B /* PBXContainerItemProxy */ = {
			isa = PBXContainerItemProxy;
			containerPortal = 662921CD278A48C200573C4B /* Project object */;
			proxyType = 1;
			remoteGlobalIDString = 662921D4278A48C300573C4B;
			remoteInfo = CodePathPreWork;
		};
/* End PBXContainerItemProxy section */

/* Begin PBXFileReference section */
		662921D5278A48C300573C4B /* CodePathPreWork.app */ = {isa = PBXFileReference; explicitFileType = wrapper.application; includeInIndex = 0; path = CodePathPreWork.app; sourceTree = BUILT_PRODUCTS_DIR; };
		662921D8278A48C300573C4B /* AppDelegate.swift */ = {isa = PBXFileReference; lastKnownFileType = sourcecode.swift; path = AppDelegate.swift; sourceTree = "<group>"; };
		662921DA278A48C300573C4B /* SceneDelegate.swift */ = {isa = PBXFileReference; lastKnownFileType = sourcecode.swift; path = SceneDelegate.swift; sourceTree = "<group>"; };
		662921DC278A48C300573C4B /* ViewController.swift */ = {isa = PBXFileReference; lastKnownFileType = sourcecode.swift; path = ViewController.swift; sourceTree = "<group>"; };
		662921DF278A48C300573C4B /* Base */ = {isa = PBXFileReference; lastKnownFileType = file.storyboard; name = Base; path = Base.lproj/Main.storyboard; sourceTree = "<group>"; };
		662921E1278A48C500573C4B /* Assets.xcassets */ = {isa = PBXFileReference; lastKnownFileType = folder.assetcatalog; path = Assets.xcassets; sourceTree = "<group>"; };
		662921E4278A48C500573C4B /* Base */ = {isa = PBXFileReference; lastKnownFileType = file.storyboard; name = Base; path = Base.lproj/LaunchScreen.storyboard; sourceTree = "<group>"; };
		662921E6278A48C500573C4B /* Info.plist */ = {isa = PBXFileReference; lastKnownFileType = text.plist.xml; path = Info.plist; sourceTree = "<group>"; };
		662921EB278A48C500573C4B /* CodePathPreWorkTests.xctest */ = {isa = PBXFileReference; explicitFileType = wrapper.cfbundle; includeInIndex = 0; path = CodePathPreWorkTests.xctest; sourceTree = BUILT_PRODUCTS_DIR; };
		662921EF278A48C500573C4B /* CodePathPreWorkTests.swift */ = {isa = PBXFileReference; lastKnownFileType = sourcecode.swift; path = CodePathPreWorkTests.swift; sourceTree = "<group>"; };
		662921F5278A48C500573C4B /* CodePathPreWorkUITests.xctest */ = {isa = PBXFileReference; explicitFileType = wrapper.cfbundle; includeInIndex = 0; path = CodePathPreWorkUITests.xctest; sourceTree = BUILT_PRODUCTS_DIR; };
		662921F9278A48C500573C4B /* CodePathPreWorkUITests.swift */ = {isa = PBXFileReference; lastKnownFileType = sourcecode.swift; path = CodePathPreWorkUITests.swift; sourceTree = "<group>"; };
		662921FB278A48C500573C4B /* CodePathPreWorkUITestsLaunchTests.swift */ = {isa = PBXFileReference; lastKnownFileType = sourcecode.swift; path = CodePathPreWorkUITestsLaunchTests.swift; sourceTree = "<group>"; };
/* End PBXFileReference section */

/* Begin PBXFrameworksBuildPhase section */
		662921D2278A48C300573C4B /* Frameworks */ = {
			isa = PBXFrameworksBuildPhase;
			buildActionMask = 2147483647;
			files = (
			);
			runOnlyForDeploymentPostprocessing = 0;
		};
		662921E8278A48C500573C4B /* Frameworks */ = {
			isa = PBXFrameworksBuildPhase;
			buildActionMask = 2147483647;
			files = (
			);
			runOnlyForDeploymentPostprocessing = 0;
		};
		662921F2278A48C500573C4B /* Frameworks */ = {
			isa = PBXFrameworksBuildPhase;
			buildActionMask = 2147483647;
			files = (
			);
			runOnlyForDeploymentPostprocessing = 0;
		};
/* End PBXFrameworksBuildPhase section */

/* Begin PBXGroup section */
		662921CC278A48C200573C4B = {
			isa = PBXGroup;
			children = (
				662921D7278A48C300573C4B /* CodePathPreWork */,
				662921EE278A48C500573C4B /* CodePathPreWorkTests */,
				662921F8278A48C500573C4B /* CodePathPreWorkUITests */,
				662921D6278A48C300573C4B /* Products */,
			);
			sourceTree = "<group>";
		};
		662921D6278A48C300573C4B /* Products */ = {
			isa = PBXGroup;
			children = (
				662921D5278A48C300573C4B /* CodePathPreWork.app */,
				662921EB278A48C500573C4B /* CodePathPreWorkTests.xctest */,
				662921F5278A48C500573C4B /* CodePathPreWorkUITests.xctest */,
			);
			name = Products;
			sourceTree = "<group>";
		};
		662921D7278A48C300573C4B /* CodePathPreWork */ = {
			isa = PBXGroup;
			children = (
				662921D8278A48C300573C4B /* AppDelegate.swift */,
				662921DA278A48C300573C4B /* SceneDelegate.swift */,
				662921DC278A48C300573C4B /* ViewController.swift */,
				662921DE278A48C300573C4B /* Main.storyboard */,
				662921E1278A48C500573C4B /* Assets.xcassets */,
				662921E3278A48C500573C4B /* LaunchScreen.storyboard */,
				662921E6278A48C500573C4B /* Info.plist */,
			);
			path = CodePathPreWork;
			sourceTree = "<group>";
		};
		662921EE278A48C500573C4B /* CodePathPreWorkTests */ = {
			isa = PBXGroup;
			children = (
				662921EF278A48C500573C4B /* CodePathPreWorkTests.swift */,
			);
			path = CodePathPreWorkTests;
			sourceTree = "<group>";
		};
		662921F8278A48C500573C4B /* CodePathPreWorkUITests */ = {
			isa = PBXGroup;
			children = (
				662921F9278A48C500573C4B /* CodePathPreWorkUITests.swift */,
				662921FB278A48C500573C4B /* CodePathPreWorkUITestsLaunchTests.swift */,
			);
			path = CodePathPreWorkUITests;
			sourceTree = "<group>";
		};
/* End PBXGroup section */

/* Begin PBXNativeTarget section */
		662921D4278A48C300573C4B /* CodePathPreWork */ = {
			isa = PBXNativeTarget;
			buildConfigurationList = 662921FF278A48C500573C4B /* Build configuration list for PBXNativeTarget "CodePathPreWork" */;
			buildPhases = (
				662921D1278A48C300573C4B /* Sources */,
				662921D2278A48C300573C4B /* Frameworks */,
				662921D3278A48C300573C4B /* Resources */,
			);
			buildRules = (
			);
			dependencies = (
			);
			name = CodePathPreWork;
			productName = CodePathPreWork;
			productReference = 662921D5278A48C300573C4B /* CodePathPreWork.app */;
			productType = "com.apple.product-type.application";
		};
		662921EA278A48C500573C4B /* CodePathPreWorkTests */ = {
			isa = PBXNativeTarget;
			buildConfigurationList = 66292202278A48C500573C4B /* Build configuration list for PBXNativeTarget "CodePathPreWorkTests" */;
			buildPhases = (
				662921E7278A48C500573C4B /* Sources */,
				662921E8278A48C500573C4B /* Frameworks */,
				662921E9278A48C500573C4B /* Resources */,
			);
			buildRules = (
			);
			dependencies = (
				662921ED278A48C500573C4B /* PBXTargetDependency */,
			);
			name = CodePathPreWorkTests;
			productName = CodePathPreWorkTests;
			productReference = 662921EB278A48C500573C4B /* CodePathPreWorkTests.xctest */;
			productType = "com.apple.product-type.bundle.unit-test";
		};
		662921F4278A48C500573C4B /* CodePathPreWorkUITests */ = {
			isa = PBXNativeTarget;
			buildConfigurationList = 66292205278A48C500573C4B /* Build configuration list for PBXNativeTarget "CodePathPreWorkUITests" */;
			buildPhases = (
				662921F1278A48C500573C4B /* Sources */,
				662921F2278A48C500573C4B /* Frameworks */,
				662921F3278A48C500573C4B /* Resources */,
			);
			buildRules = (
			);
			dependencies = (
				662921F7278A48C500573C4B /* PBXTargetDependency */,
			);
			name = CodePathPreWorkUITests;
			productName = CodePathPreWorkUITests;
			productReference = 662921F5278A48C500573C4B /* CodePathPreWorkUITests.xctest */;
			productType = "com.apple.product-type.bundle.ui-testing";
		};
/* End PBXNativeTarget section */

/* Begin PBXProject section */
		662921CD278A48C200573C4B /* Project object */ = {
			isa = PBXProject;
			attributes = {
				BuildIndependentTargetsInParallel = 1;
				LastSwiftUpdateCheck = 1320;
				LastUpgradeCheck = 1320;
				TargetAttributes = {
					662921D4278A48C300573C4B = {
						CreatedOnToolsVersion = 13.2.1;
					};
					662921EA278A48C500573C4B = {
						CreatedOnToolsVersion = 13.2.1;
						TestTargetID = 662921D4278A48C300573C4B;
					};
					662921F4278A48C500573C4B = {
						CreatedOnToolsVersion = 13.2.1;
						TestTargetID = 662921D4278A48C300573C4B;
					};
				};
			};
			buildConfigurationList = 662921D0278A48C200573C4B /* Build configuration list for PBXProject "CodePathPreWork" */;
			compatibilityVersion = "Xcode 13.0";
			developmentRegion = en;
			hasScannedForEncodings = 0;
			knownRegions = (
				en,
				Base,
			);
			mainGroup = 662921CC278A48C200573C4B;
			productRefGroup = 662921D6278A48C300573C4B /* Products */;
			projectDirPath = "";
			projectRoot = "";
			targets = (
				662921D4278A48C300573C4B /* CodePathPreWork */,
				662921EA278A48C500573C4B /* CodePathPreWorkTests */,
				662921F4278A48C500573C4B /* CodePathPreWorkUITests */,
			);
		};
/* End PBXProject section */

/* Begin PBXResourcesBuildPhase section */
		662921D3278A48C300573C4B /* Resources */ = {
			isa = PBXResourcesBuildPhase;
			buildActionMask = 2147483647;
			files = (
				662921E5278A48C500573C4B /* LaunchScreen.storyboard in Resources */,
				662921E2278A48C500573C4B /* Assets.xcassets in Resources */,
				662921E0278A48C300573C4B /* Main.storyboard in Resources */,
			);
			runOnlyForDeploymentPostprocessing = 0;
		};
		662921E9278A48C500573C4B /* Resources */ = {
			isa = PBXResourcesBuildPhase;
			buildActionMask = 2147483647;
			files = (
			);
			runOnlyForDeploymentPostprocessing = 0;
		};
		662921F3278A48C500573C4B /* Resources */ = {
			isa = PBXResourcesBuildPhase;
			buildActionMask = 2147483647;
			files = (
			);
			runOnlyForDeploymentPostprocessing = 0;
		};
/* End PBXResourcesBuildPhase section */

/* Begin PBXSourcesBuildPhase section */
		662921D1278A48C300573C4B /* Sources */ = {
			isa = PBXSourcesBuildPhase;
			buildActionMask = 2147483647;
			files = (
				662921DD278A48C300573C4B /* ViewController.swift in Sources */,
				662921D9278A48C300573C4B /* AppDelegate.swift in Sources */,
				662921DB278A48C300573C4B /* SceneDelegate.swift in Sources */,
			);
			runOnlyForDeploymentPostprocessing = 0;
		};
		662921E7278A48C500573C4B /* Sources */ = {
			isa = PBXSourcesBuildPhase;
			buildActionMask = 2147483647;
			files = (
				662921F0278A48C500573C4B /* CodePathPreWorkTests.swift in Sources */,
			);
			runOnlyForDeploymentPostprocessing = 0;
		};
		662921F1278A48C500573C4B /* Sources */ = {
			isa = PBXSourcesBuildPhase;
			buildActionMask = 2147483647;
			files = (
				662921FA278A48C500573C4B /* CodePathPreWorkUITests.swift in Sources */,
				662921FC278A48C500573C4B /* CodePathPreWorkUITestsLaunchTests.swift in Sources */,
			);
			runOnlyForDeploymentPostprocessing = 0;
		};
/* End PBXSourcesBuildPhase section */

/* Begin PBXTargetDependency section */
		662921ED278A48C500573C4B /* PBXTargetDependency */ = {
			isa = PBXTargetDependency;
			target = 662921D4278A48C300573C4B /* CodePathPreWork */;
			targetProxy = 662921EC278A48C500573C4B /* PBXContainerItemProxy */;
		};
		662921F7278A48C500573C4B /* PBXTargetDependency */ = {
			isa = PBXTargetDependency;
			target = 662921D4278A48C300573C4B /* CodePathPreWork */;
			targetProxy = 662921F6278A48C500573C4B /* PBXContainerItemProxy */;
		};
/* End PBXTargetDependency section */

/* Begin PBXVariantGroup section */
		662921DE278A48C300573C4B /* Main.storyboard */ = {
			isa = PBXVariantGroup;
			children = (
				662921DF278A48C300573C4B /* Base */,
			);
			name = Main.storyboard;
			sourceTree = "<group>";
		};
		662921E3278A48C500573C4B /* LaunchScreen.storyboard */ = {
			isa = PBXVariantGroup;
			children = (
				662921E4278A48C500573C4B /* Base */,
			);
			name = LaunchScreen.storyboard;
			sourceTree = "<group>";
		};
/* End PBXVariantGroup section */

/* Begin XCBuildConfiguration section */
		662921FD278A48C500573C4B /* Debug */ = {
			isa = XCBuildConfiguration;
			buildSettings = {
				ALWAYS_SEARCH_USER_PATHS = NO;
				CLANG_ANALYZER_NONNULL = YES;
				CLANG_ANALYZER_NUMBER_OBJECT_CONVERSION = YES_AGGRESSIVE;
				CLANG_CXX_LANGUAGE_STANDARD = "gnu++17";
				CLANG_CXX_LIBRARY = "libc++";
				CLANG_ENABLE_MODULES = YES;
				CLANG_ENABLE_OBJC_ARC = YES;
				CLANG_ENABLE_OBJC_WEAK = YES;
				CLANG_WARN_BLOCK_CAPTURE_AUTORELEASING = YES;
				CLANG_WARN_BOOL_CONVERSION = YES;
				CLANG_WARN_COMMA = YES;
				CLANG_WARN_CONSTANT_CONVERSION = YES;
				CLANG_WARN_DEPRECATED_OBJC_IMPLEMENTATIONS = YES;
				CLANG_WARN_DIRECT_OBJC_ISA_USAGE = YES_ERROR;
				CLANG_WARN_DOCUMENTATION_COMMENTS = YES;
				CLANG_WARN_EMPTY_BODY = YES;
				CLANG_WARN_ENUM_CONVERSION = YES;
				CLANG_WARN_INFINITE_RECURSION = YES;
				CLANG_WARN_INT_CONVERSION = YES;
				CLANG_WARN_NON_LITERAL_NULL_CONVERSION = YES;
				CLANG_WARN_OBJC_IMPLICIT_RETAIN_SELF = YES;
				CLANG_WARN_OBJC_LITERAL_CONVERSION = YES;
				CLANG_WARN_OBJC_ROOT_CLASS = YES_ERROR;
				CLANG_WARN_QUOTED_INCLUDE_IN_FRAMEWORK_HEADER = YES;
				CLANG_WARN_RANGE_LOOP_ANALYSIS = YES;
				CLANG_WARN_STRICT_PROTOTYPES = YES;
				CLANG_WARN_SUSPICIOUS_MOVE = YES;
				CLANG_WARN_UNGUARDED_AVAILABILITY = YES_AGGRESSIVE;
				CLANG_WARN_UNREACHABLE_CODE = YES;
				CLANG_WARN__DUPLICATE_METHOD_MATCH = YES;
				COPY_PHASE_STRIP = NO;
				DEBUG_INFORMATION_FORMAT = dwarf;
				ENABLE_STRICT_OBJC_MSGSEND = YES;
				ENABLE_TESTABILITY = YES;
				GCC_C_LANGUAGE_STANDARD = gnu11;
				GCC_DYNAMIC_NO_PIC = NO;
				GCC_NO_COMMON_BLOCKS = YES;
				GCC_OPTIMIZATION_LEVEL = 0;
				GCC_PREPROCESSOR_DEFINITIONS = (
					"DEBUG=1",
					"$(inherited)",
				);
				GCC_WARN_64_TO_32_BIT_CONVERSION = YES;
				GCC_WARN_ABOUT_RETURN_TYPE = YES_ERROR;
				GCC_WARN_UNDECLARED_SELECTOR = YES;
				GCC_WARN_UNINITIALIZED_AUTOS = YES_AGGRESSIVE;
				GCC_WARN_UNUSED_FUNCTION = YES;
				GCC_WARN_UNUSED_VARIABLE = YES;
				IPHONEOS_DEPLOYMENT_TARGET = 15.2;
				MTL_ENABLE_DEBUG_INFO = INCLUDE_SOURCE;
				MTL_FAST_MATH = YES;
				ONLY_ACTIVE_ARCH = YES;
				SDKROOT = iphoneos;
				SWIFT_ACTIVE_COMPILATION_CONDITIONS = DEBUG;
				SWIFT_OPTIMIZATION_LEVEL = "-Onone";
			};
			name = Debug;
		};
		662921FE278A48C500573C4B /* Release */ = {
			isa = XCBuildConfiguration;
			buildSettings = {
				ALWAYS_SEARCH_USER_PATHS = NO;
				CLANG_ANALYZER_NONNULL = YES;
				CLANG_ANALYZER_NUMBER_OBJECT_CONVERSION = YES_AGGRESSIVE;
				CLANG_CXX_LANGUAGE_STANDARD = "gnu++17";
				CLANG_CXX_LIBRARY = "libc++";
				CLANG_ENABLE_MODULES = YES;
				CLANG_ENABLE_OBJC_ARC = YES;
				CLANG_ENABLE_OBJC_WEAK = YES;
				CLANG_WARN_BLOCK_CAPTURE_AUTORELEASING = YES;
				CLANG_WARN_BOOL_CONVERSION = YES;
				CLANG_WARN_COMMA = YES;
				CLANG_WARN_CONSTANT_CONVERSION = YES;
				CLANG_WARN_DEPRECATED_OBJC_IMPLEMENTATIONS = YES;
				CLANG_WARN_DIRECT_OBJC_ISA_USAGE = YES_ERROR;
				CLANG_WARN_DOCUMENTATION_COMMENTS = YES;
				CLANG_WARN_EMPTY_BODY = YES;
				CLANG_WARN_ENUM_CONVERSION = YES;
				CLANG_WARN_INFINITE_RECURSION = YES;
				CLANG_WARN_INT_CONVERSION = YES;
				CLANG_WARN_NON_LITERAL_NULL_CONVERSION = YES;
				CLANG_WARN_OBJC_IMPLICIT_RETAIN_SELF = YES;
				CLANG_WARN_OBJC_LITERAL_CONVERSION = YES;
				CLANG_WARN_OBJC_ROOT_CLASS = YES_ERROR;
				CLANG_WARN_QUOTED_INCLUDE_IN_FRAMEWORK_HEADER = YES;
				CLANG_WARN_RANGE_LOOP_ANALYSIS = YES;
				CLANG_WARN_STRICT_PROTOTYPES = YES;
				CLANG_WARN_SUSPICIOUS_MOVE = YES;
				CLANG_WARN_UNGUARDED_AVAILABILITY = YES_AGGRESSIVE;
				CLANG_WARN_UNREACHABLE_CODE = YES;
				CLANG_WARN__DUPLICATE_METHOD_MATCH = YES;
				COPY_PHASE_STRIP = NO;
				DEBUG_INFORMATION_FORMAT = "dwarf-with-dsym";
				ENABLE_NS_ASSERTIONS = NO;
				ENABLE_STRICT_OBJC_MSGSEND = YES;
				GCC_C_LANGUAGE_STANDARD = gnu11;
				GCC_NO_COMMON_BLOCKS = YES;
				GCC_WARN_64_TO_32_BIT_CONVERSION = YES;
				GCC_WARN_ABOUT_RETURN_TYPE = YES_ERROR;
				GCC_WARN_UNDECLARED_SELECTOR = YES;
				GCC_WARN_UNINITIALIZED_AUTOS = YES_AGGRESSIVE;
				GCC_WARN_UNUSED_FUNCTION = YES;
				GCC_WARN_UNUSED_VARIABLE = YES;
				IPHONEOS_DEPLOYMENT_TARGET = 15.2;
				MTL_ENABLE_DEBUG_INFO = NO;
				MTL_FAST_MATH = YES;
				SDKROOT = iphoneos;
				SWIFT_COMPILATION_MODE = wholemodule;
				SWIFT_OPTIMIZATION_LEVEL = "-O";
				VALIDATE_PRODUCT = YES;
			};
			name = Release;
		};
		66292200278A48C500573C4B /* Debug */ = {
			isa = XCBuildConfiguration;
			buildSettings = {
				ASSETCATALOG_COMPILER_APPICON_NAME = AppIcon;
				ASSETCATALOG_COMPILER_GLOBAL_ACCENT_COLOR_NAME = AccentColor;
				CODE_SIGN_STYLE = Automatic;
				CURRENT_PROJECT_VERSION = 1;
				GENERATE_INFOPLIST_FILE = YES;
				INFOPLIST_FILE = CodePathPreWork/Info.plist;
				INFOPLIST_KEY_UIApplicationSupportsIndirectInputEvents = YES;
				INFOPLIST_KEY_UILaunchStoryboardName = LaunchScreen;
				INFOPLIST_KEY_UIMainStoryboardFile = Main;
				INFOPLIST_KEY_UISupportedInterfaceOrientations_iPad = "UIInterfaceOrientationPortrait UIInterfaceOrientationPortraitUpsideDown UIInterfaceOrientationLandscapeLeft UIInterfaceOrientationLandscapeRight";
				INFOPLIST_KEY_UISupportedInterfaceOrientations_iPhone = "UIInterfaceOrientationPortrait UIInterfaceOrientationLandscapeLeft UIInterfaceOrientationLandscapeRight";
				LD_RUNPATH_SEARCH_PATHS = (
					"$(inherited)",
					"@executable_path/Frameworks",
				);
				MARKETING_VERSION = 1.0;
				PRODUCT_BUNDLE_IDENTIFIER = memo.com.CodePathPreWork;
				PRODUCT_NAME = "$(TARGET_NAME)";
				SWIFT_EMIT_LOC_STRINGS = YES;
				SWIFT_VERSION = 5.0;
				TARGETED_DEVICE_FAMILY = "1,2";
			};
			name = Debug;
		};
		66292201278A48C500573C4B /* Release */ = {
			isa = XCBuildConfiguration;
			buildSettings = {
				ASSETCATALOG_COMPILER_APPICON_NAME = AppIcon;
				ASSETCATALOG_COMPILER_GLOBAL_ACCENT_COLOR_NAME = AccentColor;
				CODE_SIGN_STYLE = Automatic;
				CURRENT_PROJECT_VERSION = 1;
				GENERATE_INFOPLIST_FILE = YES;
				INFOPLIST_FILE = CodePathPreWork/Info.plist;
				INFOPLIST_KEY_UIApplicationSupportsIndirectInputEvents = YES;
				INFOPLIST_KEY_UILaunchStoryboardName = LaunchScreen;
				INFOPLIST_KEY_UIMainStoryboardFile = Main;
				INFOPLIST_KEY_UISupportedInterfaceOrientations_iPad = "UIInterfaceOrientationPortrait UIInterfaceOrientationPortraitUpsideDown UIInterfaceOrientationLandscapeLeft UIInterfaceOrientationLandscapeRight";
				INFOPLIST_KEY_UISupportedInterfaceOrientations_iPhone = "UIInterfaceOrientationPortrait UIInterfaceOrientationLandscapeLeft UIInterfaceOrientationLandscapeRight";
				LD_RUNPATH_SEARCH_PATHS = (
					"$(inherited)",
					"@executable_path/Frameworks",
				);
				MARKETING_VERSION = 1.0;
				PRODUCT_BUNDLE_IDENTIFIER = memo.com.CodePathPreWork;
				PRODUCT_NAME = "$(TARGET_NAME)";
				SWIFT_EMIT_LOC_STRINGS = YES;
				SWIFT_VERSION = 5.0;
				TARGETED_DEVICE_FAMILY = "1,2";
			};
			name = Release;
		};
		66292203278A48C500573C4B /* Debug */ = {
			isa = XCBuildConfiguration;
			buildSettings = {
				ALWAYS_EMBED_SWIFT_STANDARD_LIBRARIES = YES;
				BUNDLE_LOADER = "$(TEST_HOST)";
				CODE_SIGN_STYLE = Automatic;
				CURRENT_PROJECT_VERSION = 1;
				GENERATE_INFOPLIST_FILE = YES;
				IPHONEOS_DEPLOYMENT_TARGET = 15.2;
				MARKETING_VERSION = 1.0;
				PRODUCT_BUNDLE_IDENTIFIER = memo.com.CodePathPreWorkTests;
				PRODUCT_NAME = "$(TARGET_NAME)";
				SWIFT_EMIT_LOC_STRINGS = NO;
				SWIFT_VERSION = 5.0;
				TARGETED_DEVICE_FAMILY = "1,2";
				TEST_HOST = "$(BUILT_PRODUCTS_DIR)/CodePathPreWork.app/CodePathPreWork";
			};
			name = Debug;
		};
		66292204278A48C500573C4B /* Release */ = {
			isa = XCBuildConfiguration;
			buildSettings = {
				ALWAYS_EMBED_SWIFT_STANDARD_LIBRARIES = YES;
				BUNDLE_LOADER = "$(TEST_HOST)";
				CODE_SIGN_STYLE = Automatic;
				CURRENT_PROJECT_VERSION = 1;
				GENERATE_INFOPLIST_FILE = YES;
				IPHONEOS_DEPLOYMENT_TARGET = 15.2;
				MARKETING_VERSION = 1.0;
				PRODUCT_BUNDLE_IDENTIFIER = memo.com.CodePathPreWorkTests;
				PRODUCT_NAME = "$(TARGET_NAME)";
				SWIFT_EMIT_LOC_STRINGS = NO;
				SWIFT_VERSION = 5.0;
				TARGETED_DEVICE_FAMILY = "1,2";
				TEST_HOST = "$(BUILT_PRODUCTS_DIR)/CodePathPreWork.app/CodePathPreWork";
			};
			name = Release;
		};
		66292206278A48C500573C4B /* Debug */ = {
			isa = XCBuildConfiguration;
			buildSettings = {
				ALWAYS_EMBED_SWIFT_STANDARD_LIBRARIES = YES;
				CODE_SIGN_STYLE = Automatic;
				CURRENT_PROJECT_VERSION = 1;
				GENERATE_INFOPLIST_FILE = YES;
				MARKETING_VERSION = 1.0;
				PRODUCT_BUNDLE_IDENTIFIER = memo.com.CodePathPreWorkUITests;
				PRODUCT_NAME = "$(TARGET_NAME)";
				SWIFT_EMIT_LOC_STRINGS = NO;
				SWIFT_VERSION = 5.0;
				TARGETED_DEVICE_FAMILY = "1,2";
				TEST_TARGET_NAME = CodePathPreWork;
			};
			name = Debug;
		};
		66292207278A48C500573C4B /* Release */ = {
			isa = XCBuildConfiguration;
			buildSettings = {
				ALWAYS_EMBED_SWIFT_STANDARD_LIBRARIES = YES;
				CODE_SIGN_STYLE = Automatic;
				CURRENT_PROJECT_VERSION = 1;
				GENERATE_INFOPLIST_FILE = YES;
				MARKETING_VERSION = 1.0;
				PRODUCT_BUNDLE_IDENTIFIER = memo.com.CodePathPreWorkUITests;
				PRODUCT_NAME = "$(TARGET_NAME)";
				SWIFT_EMIT_LOC_STRINGS = NO;
				SWIFT_VERSION = 5.0;
				TARGETED_DEVICE_FAMILY = "1,2";
				TEST_TARGET_NAME = CodePathPreWork;
			};
			name = Release;
		};
/* End XCBuildConfiguration section */

/* Begin XCConfigurationList section */
		662921D0278A48C200573C4B /* Build configuration list for PBXProject "CodePathPreWork" */ = {
			isa = XCConfigurationList;
			buildConfigurations = (
				662921FD278A48C500573C4B /* Debug */,
				662921FE278A48C500573C4B /* Release */,
			);
			defaultConfigurationIsVisible = 0;
			defaultConfigurationName = Release;
		};
		662921FF278A48C500573C4B /* Build configuration list for PBXNativeTarget "CodePathPreWork" */ = {
			isa = XCConfigurationList;
			buildConfigurations = (
				66292200278A48C500573C4B /* Debug */,
				66292201278A48C500573C4B /* Release */,
			);
			defaultConfigurationIsVisible = 0;
			defaultConfigurationName = Release;
		};
		66292202278A48C500573C4B /* Build configuration list for PBXNativeTarget "CodePathPreWorkTests" */ = {
			isa = XCConfigurationList;
			buildConfigurations = (
				66292203278A48C500573C4B /* Debug */,
				66292204278A48C500573C4B /* Release */,
			);
			defaultConfigurationIsVisible = 0;
			defaultConfigurationName = Release;
		};
		66292205278A48C500573C4B /* Build configuration list for PBXNativeTarget "CodePathPreWorkUITests" */ = {
			isa = XCConfigurationList;
			buildConfigurations = (
				66292206278A48C500573C4B /* Debug */,
				66292207278A48C500573C4B /* Release */,
			);
			defaultConfigurationIsVisible = 0;
			defaultConfigurationName = Release;
		};
/* End XCConfigurationList section */
	};
	rootObject = 662921CD278A48C200573C4B /* Project object */;
}
